
Microsoft Visual Studio Solution File, Format Version 12.00
# Visual Studio Version 16
VisualStudioVersion = 16.0.29215.179
MinimumVisualStudioVersion = 10.0.40219.1
Project("{FAE04EC0-301F-11D3-BF4B-00C04F79EFBC}") = "Pyanitsa Card Game", "Pyanitsa Card Game.csproj", "{30FAC387-A0BA-4248-B29E-4FFBBCB20D22}"
EndProject
Global
	GlobalSection(SolutionConfigurationPlatforms) = preSolution
		Debug|Any CPU = Debug|Any CPU
		Release|Any CPU = Release|Any CPU
	EndGlobalSection
	GlobalSection(ProjectConfigurationPlatforms) = postSolution
		{30FAC387-A0BA-4248-B29E-4FFBBCB20D22}.Debug|Any CPU.ActiveCfg = Debug|Any CPU
		{30FAC387-A0BA-4248-B29E-4FFBBCB20D22}.Debug|Any CPU.Build.0 = Debug|Any CPU
		{30FAC387-A0BA-4248-B29E-4FFBBCB20D22}.Release|Any CPU.ActiveCfg = Release|Any CPU
		{30FAC387-A0BA-4248-B29E-4FFBBCB20D22}.Release|Any CPU.Build.0 = Release|Any CPU
	EndGlobalSection
	GlobalSection(SolutionProperties) = preSolution
		HideSolutionNode = FALSE
	EndGlobalSection
	GlobalSection(ExtensibilityGlobals) = postSolution
		SolutionGuid = {C8C3746B-3A65-410D-86F2-57440905163D}
	EndGlobalSection
EndGlobal
